
Microsoft Visual Studio Solution File, Format Version 12.00
# Visual Studio 15
VisualStudioVersion = 15.0.26403.0
MinimumVisualStudioVersion = 10.0.40219.1
Project("{2150E333-8FDC-42A3-9474-1A3956D46DE8}") = "src", "src", "{F6B53502-68A3-4927-8461-79240FEF184B}"
EndProject
Project("{2150E333-8FDC-42A3-9474-1A3956D46DE8}") = "Solution Items", "Solution Items", "{C2A600B9-FE5A-4C07-9BC1-FA7440AD1BDD}"
EndProject
Project("{9A19103F-16F7-4668-BE54-9A1E7A4F7556}") = "Asp.Net.Uebung_01", "src\Asp.Net.Uebung_01\Asp.Net.Uebung_01.csproj", "{64ECA1FF-4AFE-4AF7-B309-8DE5415563DA}"
EndProject
Global
	GlobalSection(SolutionConfigurationPlatforms) = preSolution
		Debug|Any CPU = Debug|Any CPU
		Release|Any CPU = Release|Any CPU
	EndGlobalSection
	GlobalSection(ProjectConfigurationPlatforms) = postSolution
		{64ECA1FF-4AFE-4AF7-B309-8DE5415563DA}.Debug|Any CPU.ActiveCfg = Debug|Any CPU
		{64ECA1FF-4AFE-4AF7-B309-8DE5415563DA}.Debug|Any CPU.Build.0 = Debug|Any CPU
		{64ECA1FF-4AFE-4AF7-B309-8DE5415563DA}.Release|Any CPU.ActiveCfg = Release|Any CPU
		{64ECA1FF-4AFE-4AF7-B309-8DE5415563DA}.Release|Any CPU.Build.0 = Release|Any CPU
	EndGlobalSection
	GlobalSection(SolutionProperties) = preSolution
		HideSolutionNode = FALSE
	EndGlobalSection
	GlobalSection(NestedProjects) = preSolution
		{64ECA1FF-4AFE-4AF7-B309-8DE5415563DA} = {F6B53502-68A3-4927-8461-79240FEF184B}
	EndGlobalSection
EndGlobal
