
Microsoft Visual Studio Solution File, Format Version 12.00
# Visual Studio 15
VisualStudioVersion = 15.0.28010.0
MinimumVisualStudioVersion = 10.0.40219.1
Project("{FAE04EC0-301F-11D3-BF4B-00C04F79EFBC}") = "Uebung", "Uebung\Uebung.csproj", "{65ECF5A5-1AB8-4CE6-9698-7D962635DCDD}"
EndProject
Global
	GlobalSection(SolutionConfigurationPlatforms) = preSolution
		Debug|Any CPU = Debug|Any CPU
		Release|Any CPU = Release|Any CPU
	EndGlobalSection
	GlobalSection(ProjectConfigurationPlatforms) = postSolution
		{65ECF5A5-1AB8-4CE6-9698-7D962635DCDD}.Debug|Any CPU.ActiveCfg = Debug|Any CPU
		{65ECF5A5-1AB8-4CE6-9698-7D962635DCDD}.Debug|Any CPU.Build.0 = Debug|Any CPU
		{65ECF5A5-1AB8-4CE6-9698-7D962635DCDD}.Release|Any CPU.ActiveCfg = Release|Any CPU
		{65ECF5A5-1AB8-4CE6-9698-7D962635DCDD}.Release|Any CPU.Build.0 = Release|Any CPU
	EndGlobalSection
	GlobalSection(SolutionProperties) = preSolution
		HideSolutionNode = FALSE
	EndGlobalSection
	GlobalSection(ExtensibilityGlobals) = postSolution
		SolutionGuid = {AE31BF6B-2B6B-42CA-9BA6-489A10DF0666}
	EndGlobalSection
EndGlobal
