
Microsoft Visual Studio Solution File, Format Version 12.00
# Visual Studio 15
VisualStudioVersion = 15.0.26730.3
MinimumVisualStudioVersion = 10.0.40219.1
Project("{FAE04EC0-301F-11D3-BF4B-00C04F79EFBC}") = "Attributes", "Attributes\Attributes.csproj", "{E68EFE0B-7922-4EDD-A670-93DC74DEB77F}"
EndProject
Project("{FAE04EC0-301F-11D3-BF4B-00C04F79EFBC}") = "DynamicObject", "DynamicObject\DynamicObject.csproj", "{7BED210D-35FF-44C0-9DCF-5688669C3C10}"
EndProject
Project("{FAE04EC0-301F-11D3-BF4B-00C04F79EFBC}") = "Async", "Async\Async.csproj", "{AA2E839A-AB38-4B81-8F8C-A71EF3CD9FEA}"
EndProject
Global
	GlobalSection(SolutionConfigurationPlatforms) = preSolution
		Debug|Any CPU = Debug|Any CPU
		Release|Any CPU = Release|Any CPU
	EndGlobalSection
	GlobalSection(ProjectConfigurationPlatforms) = postSolution
		{E68EFE0B-7922-4EDD-A670-93DC74DEB77F}.Debug|Any CPU.ActiveCfg = Debug|Any CPU
		{E68EFE0B-7922-4EDD-A670-93DC74DEB77F}.Debug|Any CPU.Build.0 = Debug|Any CPU
		{E68EFE0B-7922-4EDD-A670-93DC74DEB77F}.Release|Any CPU.ActiveCfg = Release|Any CPU
		{E68EFE0B-7922-4EDD-A670-93DC74DEB77F}.Release|Any CPU.Build.0 = Release|Any CPU
		{7BED210D-35FF-44C0-9DCF-5688669C3C10}.Debug|Any CPU.ActiveCfg = Debug|Any CPU
		{7BED210D-35FF-44C0-9DCF-5688669C3C10}.Debug|Any CPU.Build.0 = Debug|Any CPU
		{7BED210D-35FF-44C0-9DCF-5688669C3C10}.Release|Any CPU.ActiveCfg = Release|Any CPU
		{7BED210D-35FF-44C0-9DCF-5688669C3C10}.Release|Any CPU.Build.0 = Release|Any CPU
		{AA2E839A-AB38-4B81-8F8C-A71EF3CD9FEA}.Debug|Any CPU.ActiveCfg = Debug|Any CPU
		{AA2E839A-AB38-4B81-8F8C-A71EF3CD9FEA}.Debug|Any CPU.Build.0 = Debug|Any CPU
		{AA2E839A-AB38-4B81-8F8C-A71EF3CD9FEA}.Release|Any CPU.ActiveCfg = Release|Any CPU
		{AA2E839A-AB38-4B81-8F8C-A71EF3CD9FEA}.Release|Any CPU.Build.0 = Release|Any CPU
	EndGlobalSection
	GlobalSection(SolutionProperties) = preSolution
		HideSolutionNode = FALSE
	EndGlobalSection
	GlobalSection(ExtensibilityGlobals) = postSolution
		SolutionGuid = {9C13F8C5-9F73-4289-8A17-B919D3F5BD05}
	EndGlobalSection
EndGlobal
